
Microsoft Visual Studio Solution File, Format Version 12.00
# Visual Studio Version 17
VisualStudioVersion = 17.13.35931.197 d17.13
MinimumVisualStudioVersion = 10.0.40219.1
Project("{2150E333-8FDC-42A3-9474-1A3956D46DE8}") = "src", "src", "{C4BD0978-BC70-4724-928B-57B571C0D169}"
EndProject
Project("{2150E333-8FDC-42A3-9474-1A3956D46DE8}") = "Solution Items", "Solution Items", "{9009C268-34A2-40FA-8EDF-C6663C348C6E}"
	ProjectSection(SolutionItems) = preProject
		.editorconfig = .editorconfig
	EndProjectSection
EndProject
Project("{2150E333-8FDC-42A3-9474-1A3956D46DE8}") = "src-test", "src-test", "{6CF564A1-673D-4DAA-9E2E-24C7C56F6521}"
EndProject
Project("{9A19103F-16F7-4668-BE54-9A1E7A4F7556}") = "Infrastructure", "src\Infrastructure\Infrastructure.csproj", "{F25BAC73-BD95-45E5-8D26-063008435EC7}"
EndProject
Project("{9A19103F-16F7-4668-BE54-9A1E7A4F7556}") = "Domain", "src\Domain\Domain.csproj", "{21018F46-7A71-40E9-9ABA-D11F56197B25}"
EndProject
Project("{9A19103F-16F7-4668-BE54-9A1E7A4F7556}") = "Web", "src\Web\Web.csproj", "{154CCEDC-CFD5-4B7A-9000-FC454EA86362}"
EndProject
Project("{9A19103F-16F7-4668-BE54-9A1E7A4F7556}") = "Infrastructure.Test", "src-test\Infrastructure.Test\Infrastructure.Test.csproj", "{BDEC6466-9973-4F03-9845-99BFDD76DB4F}"
EndProject
Project("{9A19103F-16F7-4668-BE54-9A1E7A4F7556}") = "Web.Test", "src-test\Web.Test\Web.Test.csproj", "{C8E523C9-5E01-454B-B7B0-587EEC2609F4}"
EndProject
Global
	GlobalSection(SolutionConfigurationPlatforms) = preSolution
		Debug|Any CPU = Debug|Any CPU
		Release|Any CPU = Release|Any CPU
	EndGlobalSection
	GlobalSection(ProjectConfigurationPlatforms) = postSolution
		{F25BAC73-BD95-45E5-8D26-063008435EC7}.Debug|Any CPU.ActiveCfg = Debug|Any CPU
		{F25BAC73-BD95-45E5-8D26-063008435EC7}.Debug|Any CPU.Build.0 = Debug|Any CPU
		{F25BAC73-BD95-45E5-8D26-063008435EC7}.Release|Any CPU.ActiveCfg = Release|Any CPU
		{F25BAC73-BD95-45E5-8D26-063008435EC7}.Release|Any CPU.Build.0 = Release|Any CPU
		{21018F46-7A71-40E9-9ABA-D11F56197B25}.Debug|Any CPU.ActiveCfg = Debug|Any CPU
		{21018F46-7A71-40E9-9ABA-D11F56197B25}.Debug|Any CPU.Build.0 = Debug|Any CPU
		{21018F46-7A71-40E9-9ABA-D11F56197B25}.Release|Any CPU.ActiveCfg = Release|Any CPU
		{21018F46-7A71-40E9-9ABA-D11F56197B25}.Release|Any CPU.Build.0 = Release|Any CPU
		{154CCEDC-CFD5-4B7A-9000-FC454EA86362}.Debug|Any CPU.ActiveCfg = Debug|Any CPU
		{154CCEDC-CFD5-4B7A-9000-FC454EA86362}.Debug|Any CPU.Build.0 = Debug|Any CPU
		{154CCEDC-CFD5-4B7A-9000-FC454EA86362}.Release|Any CPU.ActiveCfg = Release|Any CPU
		{154CCEDC-CFD5-4B7A-9000-FC454EA86362}.Release|Any CPU.Build.0 = Release|Any CPU
		{BDEC6466-9973-4F03-9845-99BFDD76DB4F}.Debug|Any CPU.ActiveCfg = Debug|Any CPU
		{BDEC6466-9973-4F03-9845-99BFDD76DB4F}.Debug|Any CPU.Build.0 = Debug|Any CPU
		{BDEC6466-9973-4F03-9845-99BFDD76DB4F}.Release|Any CPU.ActiveCfg = Release|Any CPU
		{BDEC6466-9973-4F03-9845-99BFDD76DB4F}.Release|Any CPU.Build.0 = Release|Any CPU
		{C8E523C9-5E01-454B-B7B0-587EEC2609F4}.Debug|Any CPU.ActiveCfg = Debug|Any CPU
		{C8E523C9-5E01-454B-B7B0-587EEC2609F4}.Debug|Any CPU.Build.0 = Debug|Any CPU
		{C8E523C9-5E01-454B-B7B0-587EEC2609F4}.Release|Any CPU.ActiveCfg = Release|Any CPU
		{C8E523C9-5E01-454B-B7B0-587EEC2609F4}.Release|Any CPU.Build.0 = Release|Any CPU
	EndGlobalSection
	GlobalSection(SolutionProperties) = preSolution
		HideSolutionNode = FALSE
	EndGlobalSection
	GlobalSection(NestedProjects) = preSolution
		{F25BAC73-BD95-45E5-8D26-063008435EC7} = {C4BD0978-BC70-4724-928B-57B571C0D169}
		{21018F46-7A71-40E9-9ABA-D11F56197B25} = {C4BD0978-BC70-4724-928B-57B571C0D169}
		{154CCEDC-CFD5-4B7A-9000-FC454EA86362} = {C4BD0978-BC70-4724-928B-57B571C0D169}
		{BDEC6466-9973-4F03-9845-99BFDD76DB4F} = {6CF564A1-673D-4DAA-9E2E-24C7C56F6521}
		{C8E523C9-5E01-454B-B7B0-587EEC2609F4} = {6CF564A1-673D-4DAA-9E2E-24C7C56F6521}
	EndGlobalSection
	GlobalSection(ExtensibilityGlobals) = postSolution
		SolutionGuid = {097F9F60-B411-4EED-BFAD-1C2E962E04EC}
	EndGlobalSection
EndGlobal
